
Microsoft Visual Studio Solution File, Format Version 12.00
# Visual Studio Version 17
VisualStudioVersion = 17.11.35327.3
MinimumVisualStudioVersion = 10.0.40219.1
Project("{9A19103F-16F7-4668-BE54-9A1E7A4F7556}") = "Concentrix", "Concentrix.csproj", "{9ED07380-68EF-41BB-A069-68D9E7D9BDE3}"
EndProject
Project("{FAE04EC0-301F-11D3-BF4B-00C04F79EFBC}") = "TestConcentrix", "..\Teste\TestConcentrix\TestConcentrix.csproj", "{2AEDBEAB-FCA6-4060-BC9C-5067E7CC9EC4}"
EndProject
Global
	GlobalSection(SolutionConfigurationPlatforms) = preSolution
		Debug|Any CPU = Debug|Any CPU
		Release|Any CPU = Release|Any CPU
	EndGlobalSection
	GlobalSection(ProjectConfigurationPlatforms) = postSolution
		{9ED07380-68EF-41BB-A069-68D9E7D9BDE3}.Debug|Any CPU.ActiveCfg = Debug|Any CPU
		{9ED07380-68EF-41BB-A069-68D9E7D9BDE3}.Debug|Any CPU.Build.0 = Debug|Any CPU
		{9ED07380-68EF-41BB-A069-68D9E7D9BDE3}.Release|Any CPU.ActiveCfg = Release|Any CPU
		{9ED07380-68EF-41BB-A069-68D9E7D9BDE3}.Release|Any CPU.Build.0 = Release|Any CPU
		{2AEDBEAB-FCA6-4060-BC9C-5067E7CC9EC4}.Debug|Any CPU.ActiveCfg = Debug|Any CPU
		{2AEDBEAB-FCA6-4060-BC9C-5067E7CC9EC4}.Debug|Any CPU.Build.0 = Debug|Any CPU
		{2AEDBEAB-FCA6-4060-BC9C-5067E7CC9EC4}.Release|Any CPU.ActiveCfg = Release|Any CPU
		{2AEDBEAB-FCA6-4060-BC9C-5067E7CC9EC4}.Release|Any CPU.Build.0 = Release|Any CPU
	EndGlobalSection
	GlobalSection(SolutionProperties) = preSolution
		HideSolutionNode = FALSE
	EndGlobalSection
	GlobalSection(ExtensibilityGlobals) = postSolution
		SolutionGuid = {9997A51A-87F1-4CF5-914D-40AAC7AD86E7}
	EndGlobalSection
EndGlobal
